
Microsoft Visual Studio Solution File, Format Version 12.00
# Visual Studio Version 16
VisualStudioVersion = 16.0.29503.13
MinimumVisualStudioVersion = 10.0.40219.1
Project("{9A19103F-16F7-4668-BE54-9A1E7A4F7556}") = "ChatBot", "ChatBot.csproj", "{C5612081-6CF9-4655-A47A-7BB620D41A3D}"
EndProject
Project("{FAE04EC0-301F-11D3-BF4B-00C04F79EFBC}") = "ChatBot.Services", "..\ChatBot.Services\ChatBot.Services.csproj", "{58BA6ADD-03C8-475B-A05C-A8176ECB94F0}"
EndProject
Project("{FAE04EC0-301F-11D3-BF4B-00C04F79EFBC}") = "ChatBot.Repository", "..\ChatBot.Repository\ChatBot.Repository.csproj", "{CE246711-5C1B-413D-AC2A-A0B3A60EBF0E}"
EndProject
Global
	GlobalSection(SolutionConfigurationPlatforms) = preSolution
		Debug|Any CPU = Debug|Any CPU
		Release|Any CPU = Release|Any CPU
	EndGlobalSection
	GlobalSection(ProjectConfigurationPlatforms) = postSolution
		{C5612081-6CF9-4655-A47A-7BB620D41A3D}.Debug|Any CPU.ActiveCfg = Debug|Any CPU
		{C5612081-6CF9-4655-A47A-7BB620D41A3D}.Debug|Any CPU.Build.0 = Debug|Any CPU
		{C5612081-6CF9-4655-A47A-7BB620D41A3D}.Release|Any CPU.ActiveCfg = Release|Any CPU
		{C5612081-6CF9-4655-A47A-7BB620D41A3D}.Release|Any CPU.Build.0 = Release|Any CPU
		{58BA6ADD-03C8-475B-A05C-A8176ECB94F0}.Debug|Any CPU.ActiveCfg = Debug|Any CPU
		{58BA6ADD-03C8-475B-A05C-A8176ECB94F0}.Debug|Any CPU.Build.0 = Debug|Any CPU
		{58BA6ADD-03C8-475B-A05C-A8176ECB94F0}.Release|Any CPU.ActiveCfg = Release|Any CPU
		{58BA6ADD-03C8-475B-A05C-A8176ECB94F0}.Release|Any CPU.Build.0 = Release|Any CPU
		{CE246711-5C1B-413D-AC2A-A0B3A60EBF0E}.Debug|Any CPU.ActiveCfg = Debug|Any CPU
		{CE246711-5C1B-413D-AC2A-A0B3A60EBF0E}.Debug|Any CPU.Build.0 = Debug|Any CPU
		{CE246711-5C1B-413D-AC2A-A0B3A60EBF0E}.Release|Any CPU.ActiveCfg = Release|Any CPU
		{CE246711-5C1B-413D-AC2A-A0B3A60EBF0E}.Release|Any CPU.Build.0 = Release|Any CPU
	EndGlobalSection
	GlobalSection(SolutionProperties) = preSolution
		HideSolutionNode = FALSE
	EndGlobalSection
	GlobalSection(ExtensibilityGlobals) = postSolution
		SolutionGuid = {65A425E3-819A-441C-B434-EEDAA4748212}
	EndGlobalSection
EndGlobal
